
Microsoft Visual Studio Solution File, Format Version 12.00
Project("{FAE04EC0-301F-11D3-BF4B-00C04F79EFBC}") = "ArchDLS.WebApp", "src\ArchDLS.WebApp\ArchDLS.WebApp.csproj", "{7119A2D4-1970-45A3-A2BA-D84369C35B8A}"
EndProject
Project("{FAE04EC0-301F-11D3-BF4B-00C04F79EFBC}") = "ArchDLS.Core", "src\ArchDLS.Core\ArchDLS.Core.csproj", "{AF596D56-F1FB-419E-B39F-A582056A0FD1}"
EndProject
Project("{FAE04EC0-301F-11D3-BF4B-00C04F79EFBC}") = "ArchDLS.ScheduleApp", "src\ArchDLS.ScheduleApp\ArchDLS.ScheduleApp.csproj", "{ECB02A96-2B7D-450C-B961-BDBB977A8444}"
EndProject
Project("{2150E333-8FDC-42A3-9474-1A3956D46DE8}") = "src", "src", "{89AFA9C8-2313-4ADD-B9A5-262FA87DE881}"
EndProject
Project("{2150E333-8FDC-42A3-9474-1A3956D46DE8}") = "tests", "tests", "{6BD3F77A-387E-4BDA-9920-A21A453018A1}"
EndProject
Project("{FAE04EC0-301F-11D3-BF4B-00C04F79EFBC}") = "ArchDLS.Abstractions", "src\ArchDLS.Abstractions\ArchDLS.Abstractions.csproj", "{A2608FBB-39A7-4B35-A762-4212607C08B3}"
EndProject
Global
	GlobalSection(SolutionConfigurationPlatforms) = preSolution
		Debug|Any CPU = Debug|Any CPU
		Release|Any CPU = Release|Any CPU
	EndGlobalSection
	GlobalSection(ProjectConfigurationPlatforms) = postSolution
		{7119A2D4-1970-45A3-A2BA-D84369C35B8A}.Debug|Any CPU.ActiveCfg = Debug|Any CPU
		{7119A2D4-1970-45A3-A2BA-D84369C35B8A}.Debug|Any CPU.Build.0 = Debug|Any CPU
		{7119A2D4-1970-45A3-A2BA-D84369C35B8A}.Release|Any CPU.ActiveCfg = Release|Any CPU
		{7119A2D4-1970-45A3-A2BA-D84369C35B8A}.Release|Any CPU.Build.0 = Release|Any CPU
		{AF596D56-F1FB-419E-B39F-A582056A0FD1}.Debug|Any CPU.ActiveCfg = Debug|Any CPU
		{AF596D56-F1FB-419E-B39F-A582056A0FD1}.Debug|Any CPU.Build.0 = Debug|Any CPU
		{AF596D56-F1FB-419E-B39F-A582056A0FD1}.Release|Any CPU.ActiveCfg = Release|Any CPU
		{AF596D56-F1FB-419E-B39F-A582056A0FD1}.Release|Any CPU.Build.0 = Release|Any CPU
		{ECB02A96-2B7D-450C-B961-BDBB977A8444}.Debug|Any CPU.ActiveCfg = Debug|Any CPU
		{ECB02A96-2B7D-450C-B961-BDBB977A8444}.Debug|Any CPU.Build.0 = Debug|Any CPU
		{ECB02A96-2B7D-450C-B961-BDBB977A8444}.Release|Any CPU.ActiveCfg = Release|Any CPU
		{ECB02A96-2B7D-450C-B961-BDBB977A8444}.Release|Any CPU.Build.0 = Release|Any CPU
		{A2608FBB-39A7-4B35-A762-4212607C08B3}.Debug|Any CPU.ActiveCfg = Debug|Any CPU
		{A2608FBB-39A7-4B35-A762-4212607C08B3}.Debug|Any CPU.Build.0 = Debug|Any CPU
		{A2608FBB-39A7-4B35-A762-4212607C08B3}.Release|Any CPU.ActiveCfg = Release|Any CPU
		{A2608FBB-39A7-4B35-A762-4212607C08B3}.Release|Any CPU.Build.0 = Release|Any CPU
	EndGlobalSection
	GlobalSection(NestedProjects) = preSolution
		{AF596D56-F1FB-419E-B39F-A582056A0FD1} = {89AFA9C8-2313-4ADD-B9A5-262FA87DE881}
		{ECB02A96-2B7D-450C-B961-BDBB977A8444} = {89AFA9C8-2313-4ADD-B9A5-262FA87DE881}
		{7119A2D4-1970-45A3-A2BA-D84369C35B8A} = {89AFA9C8-2313-4ADD-B9A5-262FA87DE881}
		{A2608FBB-39A7-4B35-A762-4212607C08B3} = {89AFA9C8-2313-4ADD-B9A5-262FA87DE881}
	EndGlobalSection
EndGlobal
